// !$*UTF8*$!
{
	archiveVersion = 1;
	classes = {
	};
	objectVersion = 56;
	objects = {

/* Begin PBXBuildFile section */
		5B6B3052294632770053052B /* EditView.swift in Sources */ = {isa = PBXBuildFile; fileRef = 5B6B3051294632770053052B /* EditView.swift */; };
		5B6B3054294634900053052B /* Drink.swift in Sources */ = {isa = PBXBuildFile; fileRef = 5B6B3053294634900053052B /* Drink.swift */; };
		5B6B3058294755A80053052B /* AddPersonView.swift in Sources */ = {isa = PBXBuildFile; fileRef = 5B6B3057294755A80053052B /* AddPersonView.swift */; };
		5B6B305A2947578C0053052B /* EditDrinksView.swift in Sources */ = {isa = PBXBuildFile; fileRef = 5B6B30592947578C0053052B /* EditDrinksView.swift */; };
		5B6B305C294767860053052B /* SelectDrinkView.swift in Sources */ = {isa = PBXBuildFile; fileRef = 5B6B305B294767860053052B /* SelectDrinkView.swift */; };
		5B6B305F294772D00053052B /* OverviewViewModel.swift in Sources */ = {isa = PBXBuildFile; fileRef = 5B6B305E294772D00053052B /* OverviewViewModel.swift */; };
		5B6B3061294797B30053052B /* TransactionsView.swift in Sources */ = {isa = PBXBuildFile; fileRef = 5B6B3060294797B30053052B /* TransactionsView.swift */; };
		5B6B3063294797E70053052B /* TransactionsViewModel.swift in Sources */ = {isa = PBXBuildFile; fileRef = 5B6B3062294797E70053052B /* TransactionsViewModel.swift */; };
		5B6B30652947986B0053052B /* TransactionItem.swift in Sources */ = {isa = PBXBuildFile; fileRef = 5B6B30642947986B0053052B /* TransactionItem.swift */; };
		5B6B306729479D880053052B /* DrinksViewModel.swift in Sources */ = {isa = PBXBuildFile; fileRef = 5B6B306629479D880053052B /* DrinksViewModel.swift */; };
		5B6B30692947A0070053052B /* BlurView.swift in Sources */ = {isa = PBXBuildFile; fileRef = 5B6B30682947A0070053052B /* BlurView.swift */; };
		5B6CA0052944A0D800A709F8 /* LS1DrinksAccountingApp.swift in Sources */ = {isa = PBXBuildFile; fileRef = 5B6CA0042944A0D800A709F8 /* LS1DrinksAccountingApp.swift */; };
		5B6CA0072944A0D800A709F8 /* ContentView.swift in Sources */ = {isa = PBXBuildFile; fileRef = 5B6CA0062944A0D800A709F8 /* ContentView.swift */; };
		5B6CA0092944A0D900A709F8 /* Assets.xcassets in Resources */ = {isa = PBXBuildFile; fileRef = 5B6CA0082944A0D900A709F8 /* Assets.xcassets */; };
		5B6CA00C2944A0D900A709F8 /* Preview Assets.xcassets in Resources */ = {isa = PBXBuildFile; fileRef = 5B6CA00B2944A0D900A709F8 /* Preview Assets.xcassets */; };
		5B6CA0142944A86800A709F8 /* Model.swift in Sources */ = {isa = PBXBuildFile; fileRef = 5B6CA0132944A86800A709F8 /* Model.swift */; };
		5B6CA0162944A87F00A709F8 /* User.swift in Sources */ = {isa = PBXBuildFile; fileRef = 5B6CA0152944A87F00A709F8 /* User.swift */; };
		5BA34401294CAC84005C0199 /* EditDrinksViewModel.swift in Sources */ = {isa = PBXBuildFile; fileRef = 5BA34400294CAC84005C0199 /* EditDrinksViewModel.swift */; };
		5BA34403294CB0CA005C0199 /* TransactionsApi.swift in Sources */ = {isa = PBXBuildFile; fileRef = 5BA34402294CB0CA005C0199 /* TransactionsApi.swift */; };
		5BB364DE29706DA200860681 /* PasscodeField.swift in Sources */ = {isa = PBXBuildFile; fileRef = 5BB364DD29706DA200860681 /* PasscodeField.swift */; };
		5BEDC654294C78B800D32DC7 /* UsersApi.swift in Sources */ = {isa = PBXBuildFile; fileRef = 5BEDC653294C78B800D32DC7 /* UsersApi.swift */; };
		5BEDC656294C798900D32DC7 /* NetworkConfig.swift in Sources */ = {isa = PBXBuildFile; fileRef = 5BEDC655294C798900D32DC7 /* NetworkConfig.swift */; };
		5BEDC658294C9A1100D32DC7 /* Errors.swift in Sources */ = {isa = PBXBuildFile; fileRef = 5BEDC657294C9A1100D32DC7 /* Errors.swift */; };
		5BEDC65A294C9F0700D32DC7 /* DrinksApi.swift in Sources */ = {isa = PBXBuildFile; fileRef = 5BEDC659294C9F0700D32DC7 /* DrinksApi.swift */; };
		5BEDC65C294CA3D300D32DC7 /* AddPersonViewModel.swift in Sources */ = {isa = PBXBuildFile; fileRef = 5BEDC65B294CA3D300D32DC7 /* AddPersonViewModel.swift */; };
		5BFEF806295F379E00D9E7CA /* LoginView.swift in Sources */ = {isa = PBXBuildFile; fileRef = 5BFEF805295F379E00D9E7CA /* LoginView.swift */; };
		5BFEF808295F38C400D9E7CA /* LoginViewModel.swift in Sources */ = {isa = PBXBuildFile; fileRef = 5BFEF807295F38C400D9E7CA /* LoginViewModel.swift */; };
		5BFEF80A295F391500D9E7CA /* AuthApi.swift in Sources */ = {isa = PBXBuildFile; fileRef = 5BFEF809295F391500D9E7CA /* AuthApi.swift */; };
		5BFEF80D2962CB0500D9E7CA /* KeychainHelper.swift in Sources */ = {isa = PBXBuildFile; fileRef = 5BFEF80C2962CB0500D9E7CA /* KeychainHelper.swift */; };
		5BFEF80F2962D00500D9E7CA /* AuthManager.swift in Sources */ = {isa = PBXBuildFile; fileRef = 5BFEF80E2962D00500D9E7CA /* AuthManager.swift */; };
		5BFEF8112962D2E500D9E7CA /* Networking.swift in Sources */ = {isa = PBXBuildFile; fileRef = 5BFEF8102962D2E500D9E7CA /* Networking.swift */; };
		5BFEF8132962DC4F00D9E7CA /* Overview.swift in Sources */ = {isa = PBXBuildFile; fileRef = 5BFEF8122962DC4F00D9E7CA /* Overview.swift */; };
/* End PBXBuildFile section */

/* Begin PBXFileReference section */
		5B6B3051294632770053052B /* EditView.swift */ = {isa = PBXFileReference; lastKnownFileType = sourcecode.swift; path = EditView.swift; sourceTree = "<group>"; };
		5B6B3053294634900053052B /* Drink.swift */ = {isa = PBXFileReference; lastKnownFileType = sourcecode.swift; path = Drink.swift; sourceTree = "<group>"; };
		5B6B3057294755A80053052B /* AddPersonView.swift */ = {isa = PBXFileReference; lastKnownFileType = sourcecode.swift; path = AddPersonView.swift; sourceTree = "<group>"; };
		5B6B30592947578C0053052B /* EditDrinksView.swift */ = {isa = PBXFileReference; lastKnownFileType = sourcecode.swift; path = EditDrinksView.swift; sourceTree = "<group>"; };
		5B6B305B294767860053052B /* SelectDrinkView.swift */ = {isa = PBXFileReference; lastKnownFileType = sourcecode.swift; path = SelectDrinkView.swift; sourceTree = "<group>"; };
		5B6B305E294772D00053052B /* OverviewViewModel.swift */ = {isa = PBXFileReference; lastKnownFileType = sourcecode.swift; path = OverviewViewModel.swift; sourceTree = "<group>"; };
		5B6B3060294797B30053052B /* TransactionsView.swift */ = {isa = PBXFileReference; lastKnownFileType = sourcecode.swift; path = TransactionsView.swift; sourceTree = "<group>"; };
		5B6B3062294797E70053052B /* TransactionsViewModel.swift */ = {isa = PBXFileReference; lastKnownFileType = sourcecode.swift; path = TransactionsViewModel.swift; sourceTree = "<group>"; };
		5B6B30642947986B0053052B /* TransactionItem.swift */ = {isa = PBXFileReference; lastKnownFileType = sourcecode.swift; path = TransactionItem.swift; sourceTree = "<group>"; };
		5B6B306629479D880053052B /* DrinksViewModel.swift */ = {isa = PBXFileReference; lastKnownFileType = sourcecode.swift; path = DrinksViewModel.swift; sourceTree = "<group>"; };
		5B6B30682947A0070053052B /* BlurView.swift */ = {isa = PBXFileReference; lastKnownFileType = sourcecode.swift; path = BlurView.swift; sourceTree = "<group>"; };
		5B6CA0012944A0D800A709F8 /* LS1DrinksAccounting.app */ = {isa = PBXFileReference; explicitFileType = wrapper.application; includeInIndex = 0; path = LS1DrinksAccounting.app; sourceTree = BUILT_PRODUCTS_DIR; };
		5B6CA0042944A0D800A709F8 /* LS1DrinksAccountingApp.swift */ = {isa = PBXFileReference; lastKnownFileType = sourcecode.swift; path = LS1DrinksAccountingApp.swift; sourceTree = "<group>"; };
		5B6CA0062944A0D800A709F8 /* ContentView.swift */ = {isa = PBXFileReference; lastKnownFileType = sourcecode.swift; path = ContentView.swift; sourceTree = "<group>"; };
		5B6CA0082944A0D900A709F8 /* Assets.xcassets */ = {isa = PBXFileReference; lastKnownFileType = folder.assetcatalog; path = Assets.xcassets; sourceTree = "<group>"; };
		5B6CA00B2944A0D900A709F8 /* Preview Assets.xcassets */ = {isa = PBXFileReference; lastKnownFileType = folder.assetcatalog; path = "Preview Assets.xcassets"; sourceTree = "<group>"; };
		5B6CA0132944A86800A709F8 /* Model.swift */ = {isa = PBXFileReference; lastKnownFileType = sourcecode.swift; path = Model.swift; sourceTree = "<group>"; };
		5B6CA0152944A87F00A709F8 /* User.swift */ = {isa = PBXFileReference; lastKnownFileType = sourcecode.swift; path = User.swift; sourceTree = "<group>"; };
		5BA34400294CAC84005C0199 /* EditDrinksViewModel.swift */ = {isa = PBXFileReference; lastKnownFileType = sourcecode.swift; path = EditDrinksViewModel.swift; sourceTree = "<group>"; };
		5BA34402294CB0CA005C0199 /* TransactionsApi.swift */ = {isa = PBXFileReference; lastKnownFileType = sourcecode.swift; path = TransactionsApi.swift; sourceTree = "<group>"; };
		5BB364DD29706DA200860681 /* PasscodeField.swift */ = {isa = PBXFileReference; lastKnownFileType = sourcecode.swift; path = PasscodeField.swift; sourceTree = "<group>"; };
		5BEDC653294C78B800D32DC7 /* UsersApi.swift */ = {isa = PBXFileReference; lastKnownFileType = sourcecode.swift; path = UsersApi.swift; sourceTree = "<group>"; };
		5BEDC655294C798900D32DC7 /* NetworkConfig.swift */ = {isa = PBXFileReference; lastKnownFileType = sourcecode.swift; path = NetworkConfig.swift; sourceTree = "<group>"; };
		5BEDC657294C9A1100D32DC7 /* Errors.swift */ = {isa = PBXFileReference; lastKnownFileType = sourcecode.swift; path = Errors.swift; sourceTree = "<group>"; };
		5BEDC659294C9F0700D32DC7 /* DrinksApi.swift */ = {isa = PBXFileReference; lastKnownFileType = sourcecode.swift; path = DrinksApi.swift; sourceTree = "<group>"; };
		5BEDC65B294CA3D300D32DC7 /* AddPersonViewModel.swift */ = {isa = PBXFileReference; lastKnownFileType = sourcecode.swift; path = AddPersonViewModel.swift; sourceTree = "<group>"; };
		5BFEF805295F379E00D9E7CA /* LoginView.swift */ = {isa = PBXFileReference; lastKnownFileType = sourcecode.swift; path = LoginView.swift; sourceTree = "<group>"; };
		5BFEF807295F38C400D9E7CA /* LoginViewModel.swift */ = {isa = PBXFileReference; lastKnownFileType = sourcecode.swift; path = LoginViewModel.swift; sourceTree = "<group>"; };
		5BFEF809295F391500D9E7CA /* AuthApi.swift */ = {isa = PBXFileReference; lastKnownFileType = sourcecode.swift; path = AuthApi.swift; sourceTree = "<group>"; };
		5BFEF80C2962CB0500D9E7CA /* KeychainHelper.swift */ = {isa = PBXFileReference; lastKnownFileType = sourcecode.swift; path = KeychainHelper.swift; sourceTree = "<group>"; };
		5BFEF80E2962D00500D9E7CA /* AuthManager.swift */ = {isa = PBXFileReference; lastKnownFileType = sourcecode.swift; path = AuthManager.swift; sourceTree = "<group>"; };
		5BFEF8102962D2E500D9E7CA /* Networking.swift */ = {isa = PBXFileReference; lastKnownFileType = sourcecode.swift; path = Networking.swift; sourceTree = "<group>"; };
		5BFEF8122962DC4F00D9E7CA /* Overview.swift */ = {isa = PBXFileReference; lastKnownFileType = sourcecode.swift; path = Overview.swift; sourceTree = "<group>"; };
/* End PBXFileReference section */

/* Begin PBXFrameworksBuildPhase section */
		5B6C9FFE2944A0D800A709F8 /* Frameworks */ = {
			isa = PBXFrameworksBuildPhase;
			buildActionMask = 2147483647;
			files = (
			);
			runOnlyForDeploymentPostprocessing = 0;
		};
/* End PBXFrameworksBuildPhase section */

/* Begin PBXGroup section */
		5B6B305D294772960053052B /* ViewModel */ = {
			isa = PBXGroup;
			children = (
				5B6B305E294772D00053052B /* OverviewViewModel.swift */,
				5BEDC65B294CA3D300D32DC7 /* AddPersonViewModel.swift */,
				5B6B3062294797E70053052B /* TransactionsViewModel.swift */,
				5B6B306629479D880053052B /* DrinksViewModel.swift */,
				5BA34400294CAC84005C0199 /* EditDrinksViewModel.swift */,
				5BFEF807295F38C400D9E7CA /* LoginViewModel.swift */,
			);
			path = ViewModel;
			sourceTree = "<group>";
		};
		5B6C9FF82944A0D800A709F8 = {
			isa = PBXGroup;
			children = (
				5B6CA0032944A0D800A709F8 /* LS1DrinksAccounting */,
				5B6CA0022944A0D800A709F8 /* Products */,
			);
			sourceTree = "<group>";
		};
		5B6CA0022944A0D800A709F8 /* Products */ = {
			isa = PBXGroup;
			children = (
				5B6CA0012944A0D800A709F8 /* LS1DrinksAccounting.app */,
			);
			name = Products;
			sourceTree = "<group>";
		};
		5B6CA0032944A0D800A709F8 /* LS1DrinksAccounting */ = {
			isa = PBXGroup;
			children = (
				5BFEF80B2962CAFD00D9E7CA /* Utils */,
				5BEDC652294C786600D32DC7 /* Network */,
				5B6B305D294772960053052B /* ViewModel */,
				5B7230952945243800DFEBC9 /* Views */,
				5B6CA0122944A85700A709F8 /* Model */,
				5B6CA0042944A0D800A709F8 /* LS1DrinksAccountingApp.swift */,
				5B6CA0062944A0D800A709F8 /* ContentView.swift */,
				5B6CA0082944A0D900A709F8 /* Assets.xcassets */,
				5B6CA00A2944A0D900A709F8 /* Preview Content */,
			);
			path = LS1DrinksAccounting;
			sourceTree = "<group>";
		};
		5B6CA00A2944A0D900A709F8 /* Preview Content */ = {
			isa = PBXGroup;
			children = (
				5B6CA00B2944A0D900A709F8 /* Preview Assets.xcassets */,
			);
			path = "Preview Content";
			sourceTree = "<group>";
		};
		5B6CA0122944A85700A709F8 /* Model */ = {
			isa = PBXGroup;
			children = (
				5B6CA0132944A86800A709F8 /* Model.swift */,
				5B6CA0152944A87F00A709F8 /* User.swift */,
				5B6B3053294634900053052B /* Drink.swift */,
				5B6B30642947986B0053052B /* TransactionItem.swift */,
			);
			path = Model;
			sourceTree = "<group>";
		};
		5B7230952945243800DFEBC9 /* Views */ = {
			isa = PBXGroup;
			children = (
				5B6B3051294632770053052B /* EditView.swift */,
				5B6B3057294755A80053052B /* AddPersonView.swift */,
				5B6B30592947578C0053052B /* EditDrinksView.swift */,
				5B6B305B294767860053052B /* SelectDrinkView.swift */,
				5B6B3060294797B30053052B /* TransactionsView.swift */,
				5B6B30682947A0070053052B /* BlurView.swift */,
				5BFEF805295F379E00D9E7CA /* LoginView.swift */,
				5BFEF8122962DC4F00D9E7CA /* Overview.swift */,
				5BB364DD29706DA200860681 /* PasscodeField.swift */,
			);
			path = Views;
			sourceTree = "<group>";
		};
		5BEDC652294C786600D32DC7 /* Network */ = {
			isa = PBXGroup;
			children = (
				5BEDC655294C798900D32DC7 /* NetworkConfig.swift */,
				5BEDC657294C9A1100D32DC7 /* Errors.swift */,
				5BEDC653294C78B800D32DC7 /* UsersApi.swift */,
				5BEDC659294C9F0700D32DC7 /* DrinksApi.swift */,
				5BA34402294CB0CA005C0199 /* TransactionsApi.swift */,
				5BFEF809295F391500D9E7CA /* AuthApi.swift */,
				5BFEF80E2962D00500D9E7CA /* AuthManager.swift */,
				5BFEF8102962D2E500D9E7CA /* Networking.swift */,
			);
			path = Network;
			sourceTree = "<group>";
		};
		5BFEF80B2962CAFD00D9E7CA /* Utils */ = {
			isa = PBXGroup;
			children = (
				5BFEF80C2962CB0500D9E7CA /* KeychainHelper.swift */,
			);
			path = Utils;
			sourceTree = "<group>";
		};
/* End PBXGroup section */

/* Begin PBXNativeTarget section */
		5B6CA0002944A0D800A709F8 /* LS1DrinksAccounting */ = {
			isa = PBXNativeTarget;
			buildConfigurationList = 5B6CA00F2944A0D900A709F8 /* Build configuration list for PBXNativeTarget "LS1DrinksAccounting" */;
			buildPhases = (
				5B6C9FFD2944A0D800A709F8 /* Sources */,
				5B6C9FFE2944A0D800A709F8 /* Frameworks */,
				5B6C9FFF2944A0D800A709F8 /* Resources */,
			);
			buildRules = (
			);
			dependencies = (
			);
			name = LS1DrinksAccounting;
			productName = LS1DrinksAccounting;
			productReference = 5B6CA0012944A0D800A709F8 /* LS1DrinksAccounting.app */;
			productType = "com.apple.product-type.application";
		};
/* End PBXNativeTarget section */

/* Begin PBXProject section */
		5B6C9FF92944A0D800A709F8 /* Project object */ = {
			isa = PBXProject;
			attributes = {
				BuildIndependentTargetsInParallel = 1;
				LastSwiftUpdateCheck = 1410;
				LastUpgradeCheck = 1410;
				TargetAttributes = {
					5B6CA0002944A0D800A709F8 = {
						CreatedOnToolsVersion = 14.1;
					};
				};
			};
			buildConfigurationList = 5B6C9FFC2944A0D800A709F8 /* Build configuration list for PBXProject "LS1DrinksAccounting" */;
			compatibilityVersion = "Xcode 14.0";
			developmentRegion = en;
			hasScannedForEncodings = 0;
			knownRegions = (
				en,
				Base,
			);
			mainGroup = 5B6C9FF82944A0D800A709F8;
			productRefGroup = 5B6CA0022944A0D800A709F8 /* Products */;
			projectDirPath = "";
			projectRoot = "";
			targets = (
				5B6CA0002944A0D800A709F8 /* LS1DrinksAccounting */,
			);
		};
/* End PBXProject section */

/* Begin PBXResourcesBuildPhase section */
		5B6C9FFF2944A0D800A709F8 /* Resources */ = {
			isa = PBXResourcesBuildPhase;
			buildActionMask = 2147483647;
			files = (
				5B6CA00C2944A0D900A709F8 /* Preview Assets.xcassets in Resources */,
				5B6CA0092944A0D900A709F8 /* Assets.xcassets in Resources */,
			);
			runOnlyForDeploymentPostprocessing = 0;
		};
/* End PBXResourcesBuildPhase section */

/* Begin PBXSourcesBuildPhase section */
		5B6C9FFD2944A0D800A709F8 /* Sources */ = {
			isa = PBXSourcesBuildPhase;
			buildActionMask = 2147483647;
			files = (
				5B6CA0142944A86800A709F8 /* Model.swift in Sources */,
				5B6B305C294767860053052B /* SelectDrinkView.swift in Sources */,
				5BA34401294CAC84005C0199 /* EditDrinksViewModel.swift in Sources */,
				5BA34403294CB0CA005C0199 /* TransactionsApi.swift in Sources */,
				5BFEF806295F379E00D9E7CA /* LoginView.swift in Sources */,
				5B6B30692947A0070053052B /* BlurView.swift in Sources */,
				5B6B3052294632770053052B /* EditView.swift in Sources */,
				5B6B305F294772D00053052B /* OverviewViewModel.swift in Sources */,
				5BEDC656294C798900D32DC7 /* NetworkConfig.swift in Sources */,
				5BEDC654294C78B800D32DC7 /* UsersApi.swift in Sources */,
				5BFEF80F2962D00500D9E7CA /* AuthManager.swift in Sources */,
				5BEDC65C294CA3D300D32DC7 /* AddPersonViewModel.swift in Sources */,
				5B6CA0072944A0D800A709F8 /* ContentView.swift in Sources */,
				5B6B30652947986B0053052B /* TransactionItem.swift in Sources */,
				5B6B3061294797B30053052B /* TransactionsView.swift in Sources */,
				5BFEF8132962DC4F00D9E7CA /* Overview.swift in Sources */,
				5B6B305A2947578C0053052B /* EditDrinksView.swift in Sources */,
				5B6B3063294797E70053052B /* TransactionsViewModel.swift in Sources */,
				5B6B306729479D880053052B /* DrinksViewModel.swift in Sources */,
				5B6CA0162944A87F00A709F8 /* User.swift in Sources */,
				5BEDC65A294C9F0700D32DC7 /* DrinksApi.swift in Sources */,
				5B6B3054294634900053052B /* Drink.swift in Sources */,
				5BFEF80A295F391500D9E7CA /* AuthApi.swift in Sources */,
				5BFEF80D2962CB0500D9E7CA /* KeychainHelper.swift in Sources */,
				5BB364DE29706DA200860681 /* PasscodeField.swift in Sources */,
				5BFEF808295F38C400D9E7CA /* LoginViewModel.swift in Sources */,
				5B6CA0052944A0D800A709F8 /* LS1DrinksAccountingApp.swift in Sources */,
				5BEDC658294C9A1100D32DC7 /* Errors.swift in Sources */,
				5B6B3058294755A80053052B /* AddPersonView.swift in Sources */,
				5BFEF8112962D2E500D9E7CA /* Networking.swift in Sources */,
			);
			runOnlyForDeploymentPostprocessing = 0;
		};
/* End PBXSourcesBuildPhase section */

/* Begin XCBuildConfiguration section */
		5B6CA00D2944A0D900A709F8 /* Debug */ = {
			isa = XCBuildConfiguration;
			buildSettings = {
				ALWAYS_SEARCH_USER_PATHS = NO;
				CLANG_ANALYZER_NONNULL = YES;
				CLANG_ANALYZER_NUMBER_OBJECT_CONVERSION = YES_AGGRESSIVE;
				CLANG_CXX_LANGUAGE_STANDARD = "gnu++20";
				CLANG_ENABLE_MODULES = YES;
				CLANG_ENABLE_OBJC_ARC = YES;
				CLANG_ENABLE_OBJC_WEAK = YES;
				CLANG_WARN_BLOCK_CAPTURE_AUTORELEASING = YES;
				CLANG_WARN_BOOL_CONVERSION = YES;
				CLANG_WARN_COMMA = YES;
				CLANG_WARN_CONSTANT_CONVERSION = YES;
				CLANG_WARN_DEPRECATED_OBJC_IMPLEMENTATIONS = YES;
				CLANG_WARN_DIRECT_OBJC_ISA_USAGE = YES_ERROR;
				CLANG_WARN_DOCUMENTATION_COMMENTS = YES;
				CLANG_WARN_EMPTY_BODY = YES;
				CLANG_WARN_ENUM_CONVERSION = YES;
				CLANG_WARN_INFINITE_RECURSION = YES;
				CLANG_WARN_INT_CONVERSION = YES;
				CLANG_WARN_NON_LITERAL_NULL_CONVERSION = YES;
				CLANG_WARN_OBJC_IMPLICIT_RETAIN_SELF = YES;
				CLANG_WARN_OBJC_LITERAL_CONVERSION = YES;
				CLANG_WARN_OBJC_ROOT_CLASS = YES_ERROR;
				CLANG_WARN_QUOTED_INCLUDE_IN_FRAMEWORK_HEADER = YES;
				CLANG_WARN_RANGE_LOOP_ANALYSIS = YES;
				CLANG_WARN_STRICT_PROTOTYPES = YES;
				CLANG_WARN_SUSPICIOUS_MOVE = YES;
				CLANG_WARN_UNGUARDED_AVAILABILITY = YES_AGGRESSIVE;
				CLANG_WARN_UNREACHABLE_CODE = YES;
				CLANG_WARN__DUPLICATE_METHOD_MATCH = YES;
				COPY_PHASE_STRIP = NO;
				DEBUG_INFORMATION_FORMAT = dwarf;
				ENABLE_STRICT_OBJC_MSGSEND = YES;
				ENABLE_TESTABILITY = YES;
				GCC_C_LANGUAGE_STANDARD = gnu11;
				GCC_DYNAMIC_NO_PIC = NO;
				GCC_NO_COMMON_BLOCKS = YES;
				GCC_OPTIMIZATION_LEVEL = 0;
				GCC_PREPROCESSOR_DEFINITIONS = (
					"DEBUG=1",
					"$(inherited)",
				);
				GCC_WARN_64_TO_32_BIT_CONVERSION = YES;
				GCC_WARN_ABOUT_RETURN_TYPE = YES_ERROR;
				GCC_WARN_UNDECLARED_SELECTOR = YES;
				GCC_WARN_UNINITIALIZED_AUTOS = YES_AGGRESSIVE;
				GCC_WARN_UNUSED_FUNCTION = YES;
				GCC_WARN_UNUSED_VARIABLE = YES;
				IPHONEOS_DEPLOYMENT_TARGET = 16.1;
				MTL_ENABLE_DEBUG_INFO = INCLUDE_SOURCE;
				MTL_FAST_MATH = YES;
				ONLY_ACTIVE_ARCH = YES;
				SDKROOT = iphoneos;
				SWIFT_ACTIVE_COMPILATION_CONDITIONS = DEBUG;
				SWIFT_OPTIMIZATION_LEVEL = "-Onone";
			};
			name = Debug;
		};
		5B6CA00E2944A0D900A709F8 /* Release */ = {
			isa = XCBuildConfiguration;
			buildSettings = {
				ALWAYS_SEARCH_USER_PATHS = NO;
				CLANG_ANALYZER_NONNULL = YES;
				CLANG_ANALYZER_NUMBER_OBJECT_CONVERSION = YES_AGGRESSIVE;
				CLANG_CXX_LANGUAGE_STANDARD = "gnu++20";
				CLANG_ENABLE_MODULES = YES;
				CLANG_ENABLE_OBJC_ARC = YES;
				CLANG_ENABLE_OBJC_WEAK = YES;
				CLANG_WARN_BLOCK_CAPTURE_AUTORELEASING = YES;
				CLANG_WARN_BOOL_CONVERSION = YES;
				CLANG_WARN_COMMA = YES;
				CLANG_WARN_CONSTANT_CONVERSION = YES;
				CLANG_WARN_DEPRECATED_OBJC_IMPLEMENTATIONS = YES;
				CLANG_WARN_DIRECT_OBJC_ISA_USAGE = YES_ERROR;
				CLANG_WARN_DOCUMENTATION_COMMENTS = YES;
				CLANG_WARN_EMPTY_BODY = YES;
				CLANG_WARN_ENUM_CONVERSION = YES;
				CLANG_WARN_INFINITE_RECURSION = YES;
				CLANG_WARN_INT_CONVERSION = YES;
				CLANG_WARN_NON_LITERAL_NULL_CONVERSION = YES;
				CLANG_WARN_OBJC_IMPLICIT_RETAIN_SELF = YES;
				CLANG_WARN_OBJC_LITERAL_CONVERSION = YES;
				CLANG_WARN_OBJC_ROOT_CLASS = YES_ERROR;
				CLANG_WARN_QUOTED_INCLUDE_IN_FRAMEWORK_HEADER = YES;
				CLANG_WARN_RANGE_LOOP_ANALYSIS = YES;
				CLANG_WARN_STRICT_PROTOTYPES = YES;
				CLANG_WARN_SUSPICIOUS_MOVE = YES;
				CLANG_WARN_UNGUARDED_AVAILABILITY = YES_AGGRESSIVE;
				CLANG_WARN_UNREACHABLE_CODE = YES;
				CLANG_WARN__DUPLICATE_METHOD_MATCH = YES;
				COPY_PHASE_STRIP = NO;
				DEBUG_INFORMATION_FORMAT = "dwarf-with-dsym";
				ENABLE_NS_ASSERTIONS = NO;
				ENABLE_STRICT_OBJC_MSGSEND = YES;
				GCC_C_LANGUAGE_STANDARD = gnu11;
				GCC_NO_COMMON_BLOCKS = YES;
				GCC_WARN_64_TO_32_BIT_CONVERSION = YES;
				GCC_WARN_ABOUT_RETURN_TYPE = YES_ERROR;
				GCC_WARN_UNDECLARED_SELECTOR = YES;
				GCC_WARN_UNINITIALIZED_AUTOS = YES_AGGRESSIVE;
				GCC_WARN_UNUSED_FUNCTION = YES;
				GCC_WARN_UNUSED_VARIABLE = YES;
				IPHONEOS_DEPLOYMENT_TARGET = 16.1;
				MTL_ENABLE_DEBUG_INFO = NO;
				MTL_FAST_MATH = YES;
				SDKROOT = iphoneos;
				SWIFT_COMPILATION_MODE = wholemodule;
				SWIFT_OPTIMIZATION_LEVEL = "-O";
				VALIDATE_PRODUCT = YES;
			};
			name = Release;
		};
		5B6CA0102944A0D900A709F8 /* Debug */ = {
			isa = XCBuildConfiguration;
			buildSettings = {
				ASSETCATALOG_COMPILER_APPICON_NAME = AppIcon;
				ASSETCATALOG_COMPILER_GLOBAL_ACCENT_COLOR_NAME = AccentColor;
				CODE_SIGN_STYLE = Automatic;
				CURRENT_PROJECT_VERSION = 1;
				DEVELOPMENT_ASSET_PATHS = "\"LS1DrinksAccounting/Preview Content\"";
				DEVELOPMENT_TEAM = 7PLLZ436SG;
				ENABLE_PREVIEWS = YES;
				GENERATE_INFOPLIST_FILE = YES;
				INFOPLIST_KEY_UIApplicationSceneManifest_Generation = YES;
				INFOPLIST_KEY_UIApplicationSupportsIndirectInputEvents = YES;
				INFOPLIST_KEY_UILaunchScreen_Generation = YES;
				INFOPLIST_KEY_UISupportedInterfaceOrientations_iPad = "UIInterfaceOrientationPortrait UIInterfaceOrientationPortraitUpsideDown UIInterfaceOrientationLandscapeLeft UIInterfaceOrientationLandscapeRight";
				INFOPLIST_KEY_UISupportedInterfaceOrientations_iPhone = "UIInterfaceOrientationPortrait UIInterfaceOrientationLandscapeLeft UIInterfaceOrientationLandscapeRight";
				LD_RUNPATH_SEARCH_PATHS = (
					"$(inherited)",
					"@executable_path/Frameworks",
				);
				MARKETING_VERSION = 1.0;
				PRODUCT_BUNDLE_IDENTIFIER = "de.tum.cit.dse.coffee-tracker";
				PRODUCT_NAME = "$(TARGET_NAME)";
				SWIFT_EMIT_LOC_STRINGS = YES;
				SWIFT_VERSION = 5.0;
				TARGETED_DEVICE_FAMILY = "1,2";
			};
			name = Debug;
		};
		5B6CA0112944A0D900A709F8 /* Release */ = {
			isa = XCBuildConfiguration;
			buildSettings = {
				ASSETCATALOG_COMPILER_APPICON_NAME = AppIcon;
				ASSETCATALOG_COMPILER_GLOBAL_ACCENT_COLOR_NAME = AccentColor;
				CODE_SIGN_STYLE = Automatic;
				CURRENT_PROJECT_VERSION = 1;
				DEVELOPMENT_ASSET_PATHS = "\"LS1DrinksAccounting/Preview Content\"";
				DEVELOPMENT_TEAM = 7PLLZ436SG;
				ENABLE_PREVIEWS = YES;
				GENERATE_INFOPLIST_FILE = YES;
				INFOPLIST_KEY_UIApplicationSceneManifest_Generation = YES;
				INFOPLIST_KEY_UIApplicationSupportsIndirectInputEvents = YES;
				INFOPLIST_KEY_UILaunchScreen_Generation = YES;
				INFOPLIST_KEY_UISupportedInterfaceOrientations_iPad = "UIInterfaceOrientationPortrait UIInterfaceOrientationPortraitUpsideDown UIInterfaceOrientationLandscapeLeft UIInterfaceOrientationLandscapeRight";
				INFOPLIST_KEY_UISupportedInterfaceOrientations_iPhone = "UIInterfaceOrientationPortrait UIInterfaceOrientationLandscapeLeft UIInterfaceOrientationLandscapeRight";
				LD_RUNPATH_SEARCH_PATHS = (
					"$(inherited)",
					"@executable_path/Frameworks",
				);
				MARKETING_VERSION = 1.0;
				PRODUCT_BUNDLE_IDENTIFIER = "de.tum.cit.dse.coffee-tracker";
				PRODUCT_NAME = "$(TARGET_NAME)";
				SWIFT_EMIT_LOC_STRINGS = YES;
				SWIFT_VERSION = 5.0;
				TARGETED_DEVICE_FAMILY = "1,2";
			};
			name = Release;
		};
/* End XCBuildConfiguration section */

/* Begin XCConfigurationList section */
		5B6C9FFC2944A0D800A709F8 /* Build configuration list for PBXProject "LS1DrinksAccounting" */ = {
			isa = XCConfigurationList;
			buildConfigurations = (
				5B6CA00D2944A0D900A709F8 /* Debug */,
				5B6CA00E2944A0D900A709F8 /* Release */,
			);
			defaultConfigurationIsVisible = 0;
			defaultConfigurationName = Release;
		};
		5B6CA00F2944A0D900A709F8 /* Build configuration list for PBXNativeTarget "LS1DrinksAccounting" */ = {
			isa = XCConfigurationList;
			buildConfigurations = (
				5B6CA0102944A0D900A709F8 /* Debug */,
				5B6CA0112944A0D900A709F8 /* Release */,
			);
			defaultConfigurationIsVisible = 0;
			defaultConfigurationName = Release;
		};
/* End XCConfigurationList section */
	};
	rootObject = 5B6C9FF92944A0D800A709F8 /* Project object */;
}
